
Microsoft Visual Studio Solution File, Format Version 12.00
# Visual Studio Version 17
VisualStudioVersion = 17.14.37203.1 d17.14
MinimumVisualStudioVersion = 10.0.40219.1
Project("{FAE04EC0-301F-11D3-BF4B-00C04F79EFBC}") = "CursoIngles", "CursoIngles\CursoIngles.csproj", "{A8AB6D0D-F4B5-474F-BDB2-2A3E77BE1025}"
EndProject
Global
	GlobalSection(SolutionConfigurationPlatforms) = preSolution
		Debug|Any CPU = Debug|Any CPU
		Release|Any CPU = Release|Any CPU
	EndGlobalSection
	GlobalSection(ProjectConfigurationPlatforms) = postSolution
		{A8AB6D0D-F4B5-474F-BDB2-2A3E77BE1025}.Debug|Any CPU.ActiveCfg = Debug|Any CPU
		{A8AB6D0D-F4B5-474F-BDB2-2A3E77BE1025}.Debug|Any CPU.Build.0 = Debug|Any CPU
		{A8AB6D0D-F4B5-474F-BDB2-2A3E77BE1025}.Release|Any CPU.ActiveCfg = Release|Any CPU
		{A8AB6D0D-F4B5-474F-BDB2-2A3E77BE1025}.Release|Any CPU.Build.0 = Release|Any CPU
	EndGlobalSection
	GlobalSection(SolutionProperties) = preSolution
		HideSolutionNode = FALSE
	EndGlobalSection
	GlobalSection(ExtensibilityGlobals) = postSolution
		SolutionGuid = {614005AA-3172-4A44-988C-18897FE1B833}
	EndGlobalSection
EndGlobal
